Microsoft Visual Studio Solution File, Format Version 12.00
# Visual Studio Version 17
VisualStudioVersion = 17.12.35707.178 d17.12
MinimumVisualStudioVersion = 10.0.40219.1
Project("{FAE04EC0-301F-11D3-BF4B-00C04F79EFBC}") = "EdFi.OdsApi.Sdk", "src\EdFi.OdsApi.Sdk\EdFi.OdsApi.Sdk.csproj", "{E4EFD55A-68AD-45F6-B6C0-E8E61C80646E}"
EndProject
Project("{FAE04EC0-301F-11D3-BF4B-00C04F79EFBC}") = "EdFi.OdsApi.SdkClient", "EdFi.OdsApi.SdkClient\EdFi.OdsApi.SdkClient.csproj", "{DC5F3D9D-C95F-4BD4-B5CB-BDF577B71877}"
EndProject
Global
	GlobalSection(SolutionConfigurationPlatforms) = preSolution
		Debug|Any CPU = Debug|Any CPU
		Release|Any CPU = Release|Any CPU
	EndGlobalSection
	GlobalSection(ProjectConfigurationPlatforms) = postSolution
		{E4EFD55A-68AD-45F6-B6C0-E8E61C80646E}.Debug|Any CPU.ActiveCfg = Debug|Any CPU
		{E4EFD55A-68AD-45F6-B6C0-E8E61C80646E}.Debug|Any CPU.Build.0 = Debug|Any CPU
		{E4EFD55A-68AD-45F6-B6C0-E8E61C80646E}.Release|Any CPU.ActiveCfg = Release|Any CPU
		{E4EFD55A-68AD-45F6-B6C0-E8E61C80646E}.Release|Any CPU.Build.0 = Release|Any CPU
		{DC5F3D9D-C95F-4BD4-B5CB-BDF577B71877}.Debug|Any CPU.ActiveCfg = Debug|Any CPU
		{DC5F3D9D-C95F-4BD4-B5CB-BDF577B71877}.Debug|Any CPU.Build.0 = Debug|Any CPU
		{DC5F3D9D-C95F-4BD4-B5CB-BDF577B71877}.Release|Any CPU.ActiveCfg = Release|Any CPU
		{DC5F3D9D-C95F-4BD4-B5CB-BDF577B71877}.Release|Any CPU.Build.0 = Release|Any CPU
	EndGlobalSection
	GlobalSection(SolutionProperties) = preSolution
		HideSolutionNode = FALSE
	EndGlobalSection
EndGlobal
