Microsoft Visual Studio Solution File, Format Version 12.00
# Visual Studio Version 17
VisualStudioVersion = 17.7.34031.279
MinimumVisualStudioVersion = 10.0.40219.1
Project("{9A19103F-16F7-4668-BE54-9A1E7A4F7556}") = "EdFi.OdsApi.Sdk", "src\EdFi.OdsApi.Sdk\EdFi.OdsApi.Sdk.csproj", "{374B99F2-DB89-42DB-9F4E-CF6B7E857323}"
EndProject
Project("{FAE04EC0-301F-11D3-BF4B-00C04F79EFBC}") = "EdFi.OdsApi.SdkClient", "EdFi.OdsApi.SdkClient\EdFi.OdsApi.SdkClient.csproj", "{AC3C87AD-6D3B-4380-AD91-0D143A4173DB}"
EndProject
Global
	GlobalSection(SolutionConfigurationPlatforms) = preSolution
		Debug|Any CPU = Debug|Any CPU
		Release|Any CPU = Release|Any CPU
	EndGlobalSection
	GlobalSection(ProjectConfigurationPlatforms) = postSolution
		{374B99F2-DB89-42DB-9F4E-CF6B7E857323}.Debug|Any CPU.ActiveCfg = Debug|Any CPU
		{374B99F2-DB89-42DB-9F4E-CF6B7E857323}.Debug|Any CPU.Build.0 = Debug|Any CPU
		{374B99F2-DB89-42DB-9F4E-CF6B7E857323}.Release|Any CPU.ActiveCfg = Release|Any CPU
		{374B99F2-DB89-42DB-9F4E-CF6B7E857323}.Release|Any CPU.Build.0 = Release|Any CPU
		{AC3C87AD-6D3B-4380-AD91-0D143A4173DB}.Debug|Any CPU.ActiveCfg = Debug|Any CPU
		{AC3C87AD-6D3B-4380-AD91-0D143A4173DB}.Debug|Any CPU.Build.0 = Debug|Any CPU
		{AC3C87AD-6D3B-4380-AD91-0D143A4173DB}.Release|Any CPU.ActiveCfg = Release|Any CPU
		{AC3C87AD-6D3B-4380-AD91-0D143A4173DB}.Release|Any CPU.Build.0 = Release|Any CPU
	EndGlobalSection
	GlobalSection(SolutionProperties) = preSolution
		HideSolutionNode = FALSE
	EndGlobalSection
EndGlobal
