Microsoft Visual Studio Solution File, Format Version 12.00
# Visual Studio 15
VisualStudioVersion = 15.0.28307.757
MinimumVisualStudioVersion = 10.0.40219.1
Project("{FAE04EC0-301F-11D3-BF4B-00C04F79EFBC}") = "EdFi.OdsApi.Sdk", "src\EdFi.OdsApi.Sdk\EdFi.OdsApi.Sdk.csproj", "{B46230AA-F33C-46F1-8398-3B6F33B802E2}"
EndProject
Project("{FAE04EC0-301F-11D3-BF4B-00C04F79EFBC}") = "EdFi.OdsApi.SdkClient", "EdFi.OdsApi.SdkClient\EdFi.OdsApi.SdkClient.csproj", "{26347A62-8E37-46F0-8739-A2A29E0D99B8}"
EndProject
Global
	GlobalSection(SolutionConfigurationPlatforms) = preSolution
		Debug|Any CPU = Debug|Any CPU
		Release|Any CPU = Release|Any CPU
	EndGlobalSection
	GlobalSection(ProjectConfigurationPlatforms) = postSolution
		{B46230AA-F33C-46F1-8398-3B6F33B802E2}.Debug|Any CPU.ActiveCfg = Debug|Any CPU
		{B46230AA-F33C-46F1-8398-3B6F33B802E2}.Debug|Any CPU.Build.0 = Debug|Any CPU
		{B46230AA-F33C-46F1-8398-3B6F33B802E2}.Release|Any CPU.ActiveCfg = Release|Any CPU
		{B46230AA-F33C-46F1-8398-3B6F33B802E2}.Release|Any CPU.Build.0 = Release|Any CPU
		{26347A62-8E37-46F0-8739-A2A29E0D99B8}.Debug|Any CPU.ActiveCfg = Debug|Any CPU
		{26347A62-8E37-46F0-8739-A2A29E0D99B8}.Debug|Any CPU.Build.0 = Debug|Any CPU
		{26347A62-8E37-46F0-8739-A2A29E0D99B8}.Release|Any CPU.ActiveCfg = Release|Any CPU
		{26347A62-8E37-46F0-8739-A2A29E0D99B8}.Release|Any CPU.Build.0 = Release|Any CPU
	EndGlobalSection
	GlobalSection(SolutionProperties) = preSolution
		HideSolutionNode = FALSE
	EndGlobalSection
	GlobalSection(ExtensibilityGlobals) = postSolution
		SolutionGuid = {ABAAC305-5F8F-49BB-A937-3AD524CD090D}
	EndGlobalSection
EndGlobal
