Microsoft Visual Studio Solution File, Format Version 12.00
# Visual Studio Version 16
VisualStudioVersion = 16.0.31205.134
MinimumVisualStudioVersion = 10.0.40219.1
Project("{FAE04EC0-301F-11D3-BF4B-00C04F79EFBC}") = "EdFi.OdsApi.Sdk", "src\EdFi.OdsApi.Sdk\EdFi.OdsApi.Sdk.csproj", "{C86AEA53-A646-470C-9787-046115AC78AA}"
EndProject
Project("{FAE04EC0-301F-11D3-BF4B-00C04F79EFBC}") = "EdFi.OdsApi.SdkClient", "EdFi.OdsApi.SdkClient\EdFi.OdsApi.SdkClient.csproj", "{26347A62-8E37-46F0-8739-A2A29E0D99B8}"
EndProject
Global
	GlobalSection(SolutionConfigurationPlatforms) = preSolution
		Debug|Any CPU = Debug|Any CPU
		Release|Any CPU = Release|Any CPU
	EndGlobalSection
	GlobalSection(ProjectConfigurationPlatforms) = postSolution
		{C86AEA53-A646-470C-9787-046115AC78AA}.Debug|Any CPU.ActiveCfg = Debug|Any CPU
		{C86AEA53-A646-470C-9787-046115AC78AA}.Debug|Any CPU.Build.0 = Debug|Any CPU
		{C86AEA53-A646-470C-9787-046115AC78AA}.Release|Any CPU.ActiveCfg = Release|Any CPU
		{C86AEA53-A646-470C-9787-046115AC78AA}.Release|Any CPU.Build.0 = Release|Any CPU
		{26347A62-8E37-46F0-8739-A2A29E0D99B8}.Debug|Any CPU.ActiveCfg = Debug|Any CPU
		{26347A62-8E37-46F0-8739-A2A29E0D99B8}.Debug|Any CPU.Build.0 = Debug|Any CPU
		{26347A62-8E37-46F0-8739-A2A29E0D99B8}.Release|Any CPU.ActiveCfg = Release|Any CPU
		{26347A62-8E37-46F0-8739-A2A29E0D99B8}.Release|Any CPU.Build.0 = Release|Any CPU
	EndGlobalSection
	GlobalSection(SolutionProperties) = preSolution
		HideSolutionNode = FALSE
	EndGlobalSection
	GlobalSection(ExtensibilityGlobals) = postSolution
		SolutionGuid = {23983A0B-13D5-42EE-A631-2DD183A52166}
	EndGlobalSection
EndGlobal
