Microsoft Visual Studio Solution File, Format Version 12.00
# Visual Studio Version 16
VisualStudioVersion = 16.0.32413.511
MinimumVisualStudioVersion = 10.0.40219.1
Project("{FAE04EC0-301F-11D3-BF4B-00C04F79EFBC}") = "EdFi.OdsApi.Sdk", "src\EdFi.OdsApi.Sdk\EdFi.OdsApi.Sdk.csproj", "{EBBE5737-1B56-4A86-BAB7-81C7D3F81247}"
EndProject
Project("{FAE04EC0-301F-11D3-BF4B-00C04F79EFBC}") = "EdFi.OdsApi.SdkClient", "EdFi.OdsApi.SdkClient\EdFi.OdsApi.SdkClient.csproj", "{26347A62-8E37-46F0-8739-A2A29E0D99B8}"
EndProject
Global
	GlobalSection(SolutionConfigurationPlatforms) = preSolution
		Debug|Any CPU = Debug|Any CPU
		Release|Any CPU = Release|Any CPU
	EndGlobalSection
	GlobalSection(ProjectConfigurationPlatforms) = postSolution
		{EBBE5737-1B56-4A86-BAB7-81C7D3F81247}.Debug|Any CPU.ActiveCfg = Debug|Any CPU
		{EBBE5737-1B56-4A86-BAB7-81C7D3F81247}.Debug|Any CPU.Build.0 = Debug|Any CPU
		{EBBE5737-1B56-4A86-BAB7-81C7D3F81247}.Release|Any CPU.ActiveCfg = Release|Any CPU
		{EBBE5737-1B56-4A86-BAB7-81C7D3F81247}.Release|Any CPU.Build.0 = Release|Any CPU
		{26347A62-8E37-46F0-8739-A2A29E0D99B8}.Debug|Any CPU.ActiveCfg = Debug|Any CPU
		{26347A62-8E37-46F0-8739-A2A29E0D99B8}.Debug|Any CPU.Build.0 = Debug|Any CPU
		{26347A62-8E37-46F0-8739-A2A29E0D99B8}.Release|Any CPU.ActiveCfg = Release|Any CPU
		{26347A62-8E37-46F0-8739-A2A29E0D99B8}.Release|Any CPU.Build.0 = Release|Any CPU
	EndGlobalSection
	GlobalSection(SolutionProperties) = preSolution
		HideSolutionNode = FALSE
	EndGlobalSection
	GlobalSection(ExtensibilityGlobals) = postSolution
		SolutionGuid = {CF6DEB86-DB5F-45CD-8FEE-48DC090A1417}
	EndGlobalSection
EndGlobal
